# THIS IS AN AUTOGENERATED FILE. DO NOT EDIT THIS FILE DIRECTLY.
# yarn lockfile v1


re-resizable@^6.10.1:
  version "6.10.1"
  resolved "https://registry.yarnpkg.com/re-resizable/-/re-resizable-6.10.1.tgz#d062ca50bbc4ec7ae940f756cba36479e9015bc5"
  integrity sha512-m33nSWRH57UZLmep5M/LatkZ2NRqimVD/bOOpvymw5Zf33+eTSEixsUugscOZzAtK0/nx+OSuOf8VbKJx/4ptw==
