# THIS IS AN AUTOGENERATED FILE. DO NOT EDIT THIS FILE DIRECTLY.
# yarn lockfile v1


class-variance-authority@^0.7.1:
  version "0.7.1"
  resolved "https://registry.yarnpkg.com/class-variance-authority/-/class-variance-authority-0.7.1.tgz#4008a798a0e4553a781a57ac5177c9fb5d043787"
  integrity sha512-Ka+9Trutv7G8M6WT6SeiRWz792K5qEqIGEGzXKhAE6xOWAY6pPH8U+9IY3oCMv6kqTmLsv7Xh/2w2RigkePMsg==
  dependencies:
    clsx "^2.1.1"

clsx@^2.1.1:
  version "2.1.1"
  resolved "https://registry.yarnpkg.com/clsx/-/clsx-2.1.1.tgz#eed397c9fd8bd882bfb18deab7102049a2f32999"
  integrity sha512-eYm0QWBtUrBWZWG0d386OGAw16Z995PiOVo2B7bjWSbHedGl5e0ZWaq65kOGgUSNesEIDkB9ISbTg/JK9dhCZA==

lucide-react@^0.462.0:
  version "0.462.0"
  resolved "https://registry.yarnpkg.com/lucide-react/-/lucide-react-0.462.0.tgz#cb95b1dde558be51b7ae247290f7bb5f197880bf"
  integrity sha512-NTL7EbAao9IFtuSivSZgrAh4fZd09Lr+6MTkqIxuHaH2nnYiYIzXPo06cOxHg9wKLdj6LL8TByG4qpePqwgx/g==

re-resizable@^6.10.1:
  version "6.10.1"
  resolved "https://registry.yarnpkg.com/re-resizable/-/re-resizable-6.10.1.tgz#d062ca50bbc4ec7ae940f756cba36479e9015bc5"
  integrity sha512-m33nSWRH57UZLmep5M/LatkZ2NRqimVD/bOOpvymw5Zf33+eTSEixsUugscOZzAtK0/nx+OSuOf8VbKJx/4ptw==

tailwind-merge@^2.5.5:
  version "2.5.5"
  resolved "https://registry.yarnpkg.com/tailwind-merge/-/tailwind-merge-2.5.5.tgz#98167859b856a2a6b8d2baf038ee171b9d814e39"
  integrity sha512-0LXunzzAZzo0tEPxV3I297ffKZPlKDrjj7NXphC8V5ak9yHC5zRmxnOe2m/Rd/7ivsOMJe3JZ2JVocoDdQTRBA==

tailwindcss-animate@^1.0.7:
  version "1.0.7"
  resolved "https://registry.yarnpkg.com/tailwindcss-animate/-/tailwindcss-animate-1.0.7.tgz#318b692c4c42676cc9e67b19b78775742388bef4"
  integrity sha512-bl6mpH3T7I3UFxuvDEXLxy/VuFxBk5bbzplh7tXI68mwMokNYd1t9qPBHlnyTwfa4JGC4zP516I1hYYtQ/vspA==
